
Microsoft Visual Studio Solution File, Format Version 12.00
# Visual Studio Version 17
VisualStudioVersion = 17.13.35931.197 d17.13
MinimumVisualStudioVersion = 10.0.40219.1
Project("{FAE04EC0-301F-11D3-BF4B-00C04F79EFBC}") = "MyProject", "MyProject\MyProject.csproj", "{089A1389-9EF9-4594-AB09-E64D7A5AD7CB}"
EndProject
Global
	GlobalSection(SolutionConfigurationPlatforms) = preSolution
		Debug|Any CPU = Debug|Any CPU
		Release|Any CPU = Release|Any CPU
	EndGlobalSection
	GlobalSection(ProjectConfigurationPlatforms) = postSolution
		{089A1389-9EF9-4594-AB09-E64D7A5AD7CB}.Debug|Any CPU.ActiveCfg = Debug|Any CPU
		{089A1389-9EF9-4594-AB09-E64D7A5AD7CB}.Debug|Any CPU.Build.0 = Debug|Any CPU
		{089A1389-9EF9-4594-AB09-E64D7A5AD7CB}.Release|Any CPU.ActiveCfg = Release|Any CPU
		{089A1389-9EF9-4594-AB09-E64D7A5AD7CB}.Release|Any CPU.Build.0 = Release|Any CPU
	EndGlobalSection
	GlobalSection(SolutionProperties) = preSolution
		HideSolutionNode = FALSE
	EndGlobalSection
	GlobalSection(ExtensibilityGlobals) = postSolution
		SolutionGuid = {B9E2D481-38C1-4731-A239-DEFA293EA810}
	EndGlobalSection
EndGlobal
